
Microsoft Visual Studio Solution File, Format Version 12.00
# Visual Studio Version 17
VisualStudioVersion = 17.5.33516.290
MinimumVisualStudioVersion = 10.0.40219.1
Project("{FAE04EC0-301F-11D3-BF4B-00C04F79EFBC}") = "GestoreEventi", "GestoreEventi\GestoreEventi.csproj", "{6E7D96CA-C4BD-499C-A7B1-D2BD55BFF21D}"
EndProject
Global
	GlobalSection(SolutionConfigurationPlatforms) = preSolution
		Debug|Any CPU = Debug|Any CPU
		Release|Any CPU = Release|Any CPU
	EndGlobalSection
	GlobalSection(ProjectConfigurationPlatforms) = postSolution
		{6E7D96CA-C4BD-499C-A7B1-D2BD55BFF21D}.Debug|Any CPU.ActiveCfg = Debug|Any CPU
		{6E7D96CA-C4BD-499C-A7B1-D2BD55BFF21D}.Debug|Any CPU.Build.0 = Debug|Any CPU
		{6E7D96CA-C4BD-499C-A7B1-D2BD55BFF21D}.Release|Any CPU.ActiveCfg = Release|Any CPU
		{6E7D96CA-C4BD-499C-A7B1-D2BD55BFF21D}.Release|Any CPU.Build.0 = Release|Any CPU
	EndGlobalSection
	GlobalSection(SolutionProperties) = preSolution
		HideSolutionNode = FALSE
	EndGlobalSection
	GlobalSection(ExtensibilityGlobals) = postSolution
		SolutionGuid = {23318E95-29FD-4537-8575-F4AB2B79F141}
	EndGlobalSection
EndGlobal
